// !$*UTF8*$!
{
	archiveVersion = 1;
	classes = {
	};
	objectVersion = 50;
	objects = {

/* Begin PBXBuildFile section */
		F8CC2F4F2782D8BF007022BA /* AppDelegate.swift in Sources */ = {isa = PBXBuildFile; fileRef = F8CC2F4E2782D8BF007022BA /* AppDelegate.swift */; };
		F8CC2F512782D8BF007022BA /* SceneDelegate.swift in Sources */ = {isa = PBXBuildFile; fileRef = F8CC2F502782D8BF007022BA /* SceneDelegate.swift */; };
		F8CC2F532782D8BF007022BA /* ViewController.swift in Sources */ = {isa = PBXBuildFile; fileRef = F8CC2F522782D8BF007022BA /* ViewController.swift */; };
		F8CC2F562782D8BF007022BA /* Main.storyboard in Resources */ = {isa = PBXBuildFile; fileRef = F8CC2F542782D8BF007022BA /* Main.storyboard */; };
		F8CC2F582782D8C0007022BA /* Assets.xcassets in Resources */ = {isa = PBXBuildFile; fileRef = F8CC2F572782D8C0007022BA /* Assets.xcassets */; };
		F8CC2F5B2782D8C0007022BA /* LaunchScreen.storyboard in Resources */ = {isa = PBXBuildFile; fileRef = F8CC2F592782D8C0007022BA /* LaunchScreen.storyboard */; };
		F8CC2F632782DD43007022BA /* Saying.swift in Sources */ = {isa = PBXBuildFile; fileRef = F8CC2F622782DD43007022BA /* Saying.swift */; };
/* End PBXBuildFile section */

/* Begin PBXFileReference section */
		F8CC2F4B2782D8BF007022BA /* GENERATESAYINGS.app */ = {isa = PBXFileReference; explicitFileType = wrapper.application; includeInIndex = 0; path = GENERATESAYINGS.app; sourceTree = BUILT_PRODUCTS_DIR; };
		F8CC2F4E2782D8BF007022BA /* AppDelegate.swift */ = {isa = PBXFileReference; lastKnownFileType = sourcecode.swift; path = AppDelegate.swift; sourceTree = "<group>"; };
		F8CC2F502782D8BF007022BA /* SceneDelegate.swift */ = {isa = PBXFileReference; lastKnownFileType = sourcecode.swift; path = SceneDelegate.swift; sourceTree = "<group>"; };
		F8CC2F522782D8BF007022BA /* ViewController.swift */ = {isa = PBXFileReference; lastKnownFileType = sourcecode.swift; path = ViewController.swift; sourceTree = "<group>"; };
		F8CC2F552782D8BF007022BA /* Base */ = {isa = PBXFileReference; lastKnownFileType = file.storyboard; name = Base; path = Base.lproj/Main.storyboard; sourceTree = "<group>"; };
		F8CC2F572782D8C0007022BA /* Assets.xcassets */ = {isa = PBXFileReference; lastKnownFileType = folder.assetcatalog; path = Assets.xcassets; sourceTree = "<group>"; };
		F8CC2F5A2782D8C0007022BA /* Base */ = {isa = PBXFileReference; lastKnownFileType = file.storyboard; name = Base; path = Base.lproj/LaunchScreen.storyboard; sourceTree = "<group>"; };
		F8CC2F5C2782D8C0007022BA /* Info.plist */ = {isa = PBXFileReference; lastKnownFileType = text.plist.xml; path = Info.plist; sourceTree = "<group>"; };
		F8CC2F622782DD43007022BA /* Saying.swift */ = {isa = PBXFileReference; lastKnownFileType = sourcecode.swift; path = Saying.swift; sourceTree = "<group>"; };
/* End PBXFileReference section */

/* Begin PBXFrameworksBuildPhase section */
		F8CC2F482782D8BF007022BA /* Frameworks */ = {
			isa = PBXFrameworksBuildPhase;
			buildActionMask = 2147483647;
			files = (
			);
			runOnlyForDeploymentPostprocessing = 0;
		};
/* End PBXFrameworksBuildPhase section */

/* Begin PBXGroup section */
		F8CC2F422782D8BF007022BA = {
			isa = PBXGroup;
			children = (
				F8CC2F4D2782D8BF007022BA /* GENERATESAYINGS */,
				F8CC2F4C2782D8BF007022BA /* Products */,
			);
			sourceTree = "<group>";
		};
		F8CC2F4C2782D8BF007022BA /* Products */ = {
			isa = PBXGroup;
			children = (
				F8CC2F4B2782D8BF007022BA /* GENERATESAYINGS.app */,
			);
			name = Products;
			sourceTree = "<group>";
		};
		F8CC2F4D2782D8BF007022BA /* GENERATESAYINGS */ = {
			isa = PBXGroup;
			children = (
				F8CC2F4E2782D8BF007022BA /* AppDelegate.swift */,
				F8CC2F502782D8BF007022BA /* SceneDelegate.swift */,
				F8CC2F522782D8BF007022BA /* ViewController.swift */,
				F8CC2F542782D8BF007022BA /* Main.storyboard */,
				F8CC2F572782D8C0007022BA /* Assets.xcassets */,
				F8CC2F592782D8C0007022BA /* LaunchScreen.storyboard */,
				F8CC2F5C2782D8C0007022BA /* Info.plist */,
				F8CC2F622782DD43007022BA /* Saying.swift */,
			);
			path = GENERATESAYINGS;
			sourceTree = "<group>";
		};
/* End PBXGroup section */

/* Begin PBXNativeTarget section */
		F8CC2F4A2782D8BF007022BA /* GENERATESAYINGS */ = {
			isa = PBXNativeTarget;
			buildConfigurationList = F8CC2F5F2782D8C0007022BA /* Build configuration list for PBXNativeTarget "GENERATESAYINGS" */;
			buildPhases = (
				F8CC2F472782D8BF007022BA /* Sources */,
				F8CC2F482782D8BF007022BA /* Frameworks */,
				F8CC2F492782D8BF007022BA /* Resources */,
			);
			buildRules = (
			);
			dependencies = (
			);
			name = GENERATESAYINGS;
			productName = GENERATESAYINGS;
			productReference = F8CC2F4B2782D8BF007022BA /* GENERATESAYINGS.app */;
			productType = "com.apple.product-type.application";
		};
/* End PBXNativeTarget section */

/* Begin PBXProject section */
		F8CC2F432782D8BF007022BA /* Project object */ = {
			isa = PBXProject;
			attributes = {
				LastSwiftUpdateCheck = 1250;
				LastUpgradeCheck = 1250;
				TargetAttributes = {
					F8CC2F4A2782D8BF007022BA = {
						CreatedOnToolsVersion = 12.5.1;
					};
				};
			};
			buildConfigurationList = F8CC2F462782D8BF007022BA /* Build configuration list for PBXProject "GENERATESAYINGS" */;
			compatibilityVersion = "Xcode 9.3";
			developmentRegion = en;
			hasScannedForEncodings = 0;
			knownRegions = (
				en,
				Base,
			);
			mainGroup = F8CC2F422782D8BF007022BA;
			productRefGroup = F8CC2F4C2782D8BF007022BA /* Products */;
			projectDirPath = "";
			projectRoot = "";
			targets = (
				F8CC2F4A2782D8BF007022BA /* GENERATESAYINGS */,
			);
		};
/* End PBXProject section */

/* Begin PBXResourcesBuildPhase section */
		F8CC2F492782D8BF007022BA /* Resources */ = {
			isa = PBXResourcesBuildPhase;
			buildActionMask = 2147483647;
			files = (
				F8CC2F5B2782D8C0007022BA /* LaunchScreen.storyboard in Resources */,
				F8CC2F582782D8C0007022BA /* Assets.xcassets in Resources */,
				F8CC2F562782D8BF007022BA /* Main.storyboard in Resources */,
			);
			runOnlyForDeploymentPostprocessing = 0;
		};
/* End PBXResourcesBuildPhase section */

/* Begin PBXSourcesBuildPhase section */
		F8CC2F472782D8BF007022BA /* Sources */ = {
			isa = PBXSourcesBuildPhase;
			buildActionMask = 2147483647;
			files = (
				F8CC2F532782D8BF007022BA /* ViewController.swift in Sources */,
				F8CC2F4F2782D8BF007022BA /* AppDelegate.swift in Sources */,
				F8CC2F632782DD43007022BA /* Saying.swift in Sources */,
				F8CC2F512782D8BF007022BA /* SceneDelegate.swift in Sources */,
			);
			runOnlyForDeploymentPostprocessing = 0;
		};
/* End PBXSourcesBuildPhase section */

/* Begin PBXVariantGroup section */
		F8CC2F542782D8BF007022BA /* Main.storyboard */ = {
			isa = PBXVariantGroup;
			children = (
				F8CC2F552782D8BF007022BA /* Base */,
			);
			name = Main.storyboard;
			sourceTree = "<group>";
		};
		F8CC2F592782D8C0007022BA /* LaunchScreen.storyboard */ = {
			isa = PBXVariantGroup;
			children = (
				F8CC2F5A2782D8C0007022BA /* Base */,
			);
			name = LaunchScreen.storyboard;
			sourceTree = "<group>";
		};
/* End PBXVariantGroup section */

/* Begin XCBuildConfiguration section */
		F8CC2F5D2782D8C0007022BA /* Debug */ = {
			isa = XCBuildConfiguration;
			buildSettings = {
				ALWAYS_SEARCH_USER_PATHS = NO;
				CLANG_ANALYZER_NONNULL = YES;
				CLANG_ANALYZER_NUMBER_OBJECT_CONVERSION = YES_AGGRESSIVE;
				CLANG_CXX_LANGUAGE_STANDARD = "gnu++14";
				CLANG_CXX_LIBRARY = "libc++";
				CLANG_ENABLE_MODULES = YES;
				CLANG_ENABLE_OBJC_ARC = YES;
				CLANG_ENABLE_OBJC_WEAK = YES;
				CLANG_WARN_BLOCK_CAPTURE_AUTORELEASING = YES;
				CLANG_WARN_BOOL_CONVERSION = YES;
				CLANG_WARN_COMMA = YES;
				CLANG_WARN_CONSTANT_CONVERSION = YES;
				CLANG_WARN_DEPRECATED_OBJC_IMPLEMENTATIONS = YES;
				CLANG_WARN_DIRECT_OBJC_ISA_USAGE = YES_ERROR;
				CLANG_WARN_DOCUMENTATION_COMMENTS = YES;
				CLANG_WARN_EMPTY_BODY = YES;
				CLANG_WARN_ENUM_CONVERSION = YES;
				CLANG_WARN_INFINITE_RECURSION = YES;
				CLANG_WARN_INT_CONVERSION = YES;
				CLANG_WARN_NON_LITERAL_NULL_CONVERSION = YES;
				CLANG_WARN_OBJC_IMPLICIT_RETAIN_SELF = YES;
				CLANG_WARN_OBJC_LITERAL_CONVERSION = YES;
				CLANG_WARN_OBJC_ROOT_CLASS = YES_ERROR;
				CLANG_WARN_QUOTED_INCLUDE_IN_FRAMEWORK_HEADER = YES;
				CLANG_WARN_RANGE_LOOP_ANALYSIS = YES;
				CLANG_WARN_STRICT_PROTOTYPES = YES;
				CLANG_WARN_SUSPICIOUS_MOVE = YES;
				CLANG_WARN_UNGUARDED_AVAILABILITY = YES_AGGRESSIVE;
				CLANG_WARN_UNREACHABLE_CODE = YES;
				CLANG_WARN__DUPLICATE_METHOD_MATCH = YES;
				COPY_PHASE_STRIP = NO;
				DEBUG_INFORMATION_FORMAT = dwarf;
				ENABLE_STRICT_OBJC_MSGSEND = YES;
				ENABLE_TESTABILITY = YES;
				GCC_C_LANGUAGE_STANDARD = gnu11;
				GCC_DYNAMIC_NO_PIC = NO;
				GCC_NO_COMMON_BLOCKS = YES;
				GCC_OPTIMIZATION_LEVEL = 0;
				GCC_PREPROCESSOR_DEFINITIONS = (
					"DEBUG=1",
					"$(inherited)",
				);
				GCC_WARN_64_TO_32_BIT_CONVERSION = YES;
				GCC_WARN_ABOUT_RETURN_TYPE = YES_ERROR;
				GCC_WARN_UNDECLARED_SELECTOR = YES;
				GCC_WARN_UNINITIALIZED_AUTOS = YES_AGGRESSIVE;
				GCC_WARN_UNUSED_FUNCTION = YES;
				GCC_WARN_UNUSED_VARIABLE = YES;
				IPHONEOS_DEPLOYMENT_TARGET = 14.5;
				MTL_ENABLE_DEBUG_INFO = INCLUDE_SOURCE;
				MTL_FAST_MATH = YES;
				ONLY_ACTIVE_ARCH = YES;
				SDKROOT = iphoneos;
				SWIFT_ACTIVE_COMPILATION_CONDITIONS = DEBUG;
				SWIFT_OPTIMIZATION_LEVEL = "-Onone";
			};
			name = Debug;
		};
		F8CC2F5E2782D8C0007022BA /* Release */ = {
			isa = XCBuildConfiguration;
			buildSettings = {
				ALWAYS_SEARCH_USER_PATHS = NO;
				CLANG_ANALYZER_NONNULL = YES;
				CLANG_ANALYZER_NUMBER_OBJECT_CONVERSION = YES_AGGRESSIVE;
				CLANG_CXX_LANGUAGE_STANDARD = "gnu++14";
				CLANG_CXX_LIBRARY = "libc++";
				CLANG_ENABLE_MODULES = YES;
				CLANG_ENABLE_OBJC_ARC = YES;
				CLANG_ENABLE_OBJC_WEAK = YES;
				CLANG_WARN_BLOCK_CAPTURE_AUTORELEASING = YES;
				CLANG_WARN_BOOL_CONVERSION = YES;
				CLANG_WARN_COMMA = YES;
				CLANG_WARN_CONSTANT_CONVERSION = YES;
				CLANG_WARN_DEPRECATED_OBJC_IMPLEMENTATIONS = YES;
				CLANG_WARN_DIRECT_OBJC_ISA_USAGE = YES_ERROR;
				CLANG_WARN_DOCUMENTATION_COMMENTS = YES;
				CLANG_WARN_EMPTY_BODY = YES;
				CLANG_WARN_ENUM_CONVERSION = YES;
				CLANG_WARN_INFINITE_RECURSION = YES;
				CLANG_WARN_INT_CONVERSION = YES;
				CLANG_WARN_NON_LITERAL_NULL_CONVERSION = YES;
				CLANG_WARN_OBJC_IMPLICIT_RETAIN_SELF = YES;
				CLANG_WARN_OBJC_LITERAL_CONVERSION = YES;
				CLANG_WARN_OBJC_ROOT_CLASS = YES_ERROR;
				CLANG_WARN_QUOTED_INCLUDE_IN_FRAMEWORK_HEADER = YES;
				CLANG_WARN_RANGE_LOOP_ANALYSIS = YES;
				CLANG_WARN_STRICT_PROTOTYPES = YES;
				CLANG_WARN_SUSPICIOUS_MOVE = YES;
				CLANG_WARN_UNGUARDED_AVAILABILITY = YES_AGGRESSIVE;
				CLANG_WARN_UNREACHABLE_CODE = YES;
				CLANG_WARN__DUPLICATE_METHOD_MATCH = YES;
				COPY_PHASE_STRIP = NO;
				DEBUG_INFORMATION_FORMAT = "dwarf-with-dsym";
				ENABLE_NS_ASSERTIONS = NO;
				ENABLE_STRICT_OBJC_MSGSEND = YES;
				GCC_C_LANGUAGE_STANDARD = gnu11;
				GCC_NO_COMMON_BLOCKS = YES;
				GCC_WARN_64_TO_32_BIT_CONVERSION = YES;
				GCC_WARN_ABOUT_RETURN_TYPE = YES_ERROR;
				GCC_WARN_UNDECLARED_SELECTOR = YES;
				GCC_WARN_UNINITIALIZED_AUTOS = YES_AGGRESSIVE;
				GCC_WARN_UNUSED_FUNCTION = YES;
				GCC_WARN_UNUSED_VARIABLE = YES;
				IPHONEOS_DEPLOYMENT_TARGET = 14.5;
				MTL_ENABLE_DEBUG_INFO = NO;
				MTL_FAST_MATH = YES;
				SDKROOT = iphoneos;
				SWIFT_COMPILATION_MODE = wholemodule;
				SWIFT_OPTIMIZATION_LEVEL = "-O";
				VALIDATE_PRODUCT = YES;
			};
			name = Release;
		};
		F8CC2F602782D8C0007022BA /* Debug */ = {
			isa = XCBuildConfiguration;
			buildSettings = {
				ASSETCATALOG_COMPILER_APPICON_NAME = AppIcon;
				ASSETCATALOG_COMPILER_GLOBAL_ACCENT_COLOR_NAME = AccentColor;
				CODE_SIGN_STYLE = Automatic;
				DEVELOPMENT_TEAM = PK8R4W75W3;
				INFOPLIST_FILE = GENERATESAYINGS/Info.plist;
				LD_RUNPATH_SEARCH_PATHS = (
					"$(inherited)",
					"@executable_path/Frameworks",
				);
				PRODUCT_BUNDLE_IDENTIFIER = com.thk.GENERATESAYINGS;
				PRODUCT_NAME = "$(TARGET_NAME)";
				SWIFT_VERSION = 5.0;
				TARGETED_DEVICE_FAMILY = "1,2";
			};
			name = Debug;
		};
		F8CC2F612782D8C0007022BA /* Release */ = {
			isa = XCBuildConfiguration;
			buildSettings = {
				ASSETCATALOG_COMPILER_APPICON_NAME = AppIcon;
				ASSETCATALOG_COMPILER_GLOBAL_ACCENT_COLOR_NAME = AccentColor;
				CODE_SIGN_STYLE = Automatic;
				DEVELOPMENT_TEAM = PK8R4W75W3;
				INFOPLIST_FILE = GENERATESAYINGS/Info.plist;
				LD_RUNPATH_SEARCH_PATHS = (
					"$(inherited)",
					"@executable_path/Frameworks",
				);
				PRODUCT_BUNDLE_IDENTIFIER = com.thk.GENERATESAYINGS;
				PRODUCT_NAME = "$(TARGET_NAME)";
				SWIFT_VERSION = 5.0;
				TARGETED_DEVICE_FAMILY = "1,2";
			};
			name = Release;
		};
/* End XCBuildConfiguration section */

/* Begin XCConfigurationList section */
		F8CC2F462782D8BF007022BA /* Build configuration list for PBXProject "GENERATESAYINGS" */ = {
			isa = XCConfigurationList;
			buildConfigurations = (
				F8CC2F5D2782D8C0007022BA /* Debug */,
				F8CC2F5E2782D8C0007022BA /* Release */,
			);
			defaultConfigurationIsVisible = 0;
			defaultConfigurationName = Release;
		};
		F8CC2F5F2782D8C0007022BA /* Build configuration list for PBXNativeTarget "GENERATESAYINGS" */ = {
			isa = XCConfigurationList;
			buildConfigurations = (
				F8CC2F602782D8C0007022BA /* Debug */,
				F8CC2F612782D8C0007022BA /* Release */,
			);
			defaultConfigurationIsVisible = 0;
			defaultConfigurationName = Release;
		};
/* End XCConfigurationList section */
	};
	rootObject = F8CC2F432782D8BF007022BA /* Project object */;
}
